
Microsoft Visual Studio Solution File, Format Version 12.00
# Visual Studio 14
VisualStudioVersion = 14.0.25420.1
MinimumVisualStudioVersion = 10.0.40219.1
Project("{2150E333-8FDC-42A3-9474-1A3956D46DE8}") = "Libraries", "Libraries", "{E2710CB0-D036-4D98-9AA4-D960F8AA7CDC}"
EndProject
Project("{2150E333-8FDC-42A3-9474-1A3956D46DE8}") = "Presentation", "Presentation", "{115AF679-34A6-44E1-B676-9649323FC158}"
EndProject
Project("{FAE04EC0-301F-11D3-BF4B-00C04F79EFBC}") = "JIF.Core", "JIF.Core\JIF.Core.csproj", "{F39EE58F-A9EC-4E88-B577-28EAAD155713}"
EndProject
Project("{FAE04EC0-301F-11D3-BF4B-00C04F79EFBC}") = "JIF.Services", "JIF.Services\JIF.Services.csproj", "{29315E8F-F64E-4A3F-91BE-5FAFE1512A95}"
EndProject
Project("{FAE04EC0-301F-11D3-BF4B-00C04F79EFBC}") = "JIF.Blog.WebApi", "JIF.Blog.WebApi\JIF.Blog.WebApi.csproj", "{6924B964-6827-4E8B-BECB-D87DA0CB771F}"
EndProject
Project("{2150E333-8FDC-42A3-9474-1A3956D46DE8}") = "Blog", "Blog", "{65C5C18E-2D98-4118-BFC2-67289129521D}"
EndProject
Project("{FAE04EC0-301F-11D3-BF4B-00C04F79EFBC}") = "JIF.EntityFramework", "JIF.EntityFramework\JIF.EntityFramework.csproj", "{295F1060-6C96-44BD-91F3-C0167EE9CEC0}"
EndProject
Project("{FAE04EC0-301F-11D3-BF4B-00C04F79EFBC}") = "JIF.Core.Test", "JIF.Core.Test\JIF.Core.Test.csproj", "{DC4A93BE-1F79-4EA6-847C-104CC1FACAFE}"
EndProject
Project("{2150E333-8FDC-42A3-9474-1A3956D46DE8}") = "Tests", "Tests", "{8E241F0C-6C03-4818-836D-10A4486E0406}"
EndProject
Project("{FAE04EC0-301F-11D3-BF4B-00C04F79EFBC}") = "JIF.Blog.Web", "JIF.BLog.Web\JIF.Blog.Web.csproj", "{22BD01D4-2960-4800-8FAB-BE94E51C9FF1}"
EndProject
Project("{FAE04EC0-301F-11D3-BF4B-00C04F79EFBC}") = "JIF.Web.Framework", "JIF.Web.Framework\JIF.Web.Framework.csproj", "{DDCE7AC3-C178-471A-A8C3-FE8A5D3BE4A2}"
EndProject
Global
	GlobalSection(SolutionConfigurationPlatforms) = preSolution
		Debug|Any CPU = Debug|Any CPU
		Release|Any CPU = Release|Any CPU
	EndGlobalSection
	GlobalSection(ProjectConfigurationPlatforms) = postSolution
		{F39EE58F-A9EC-4E88-B577-28EAAD155713}.Debug|Any CPU.ActiveCfg = Debug|Any CPU
		{F39EE58F-A9EC-4E88-B577-28EAAD155713}.Debug|Any CPU.Build.0 = Debug|Any CPU
		{F39EE58F-A9EC-4E88-B577-28EAAD155713}.Release|Any CPU.ActiveCfg = Release|Any CPU
		{F39EE58F-A9EC-4E88-B577-28EAAD155713}.Release|Any CPU.Build.0 = Release|Any CPU
		{29315E8F-F64E-4A3F-91BE-5FAFE1512A95}.Debug|Any CPU.ActiveCfg = Debug|Any CPU
		{29315E8F-F64E-4A3F-91BE-5FAFE1512A95}.Debug|Any CPU.Build.0 = Debug|Any CPU
		{29315E8F-F64E-4A3F-91BE-5FAFE1512A95}.Release|Any CPU.ActiveCfg = Release|Any CPU
		{29315E8F-F64E-4A3F-91BE-5FAFE1512A95}.Release|Any CPU.Build.0 = Release|Any CPU
		{6924B964-6827-4E8B-BECB-D87DA0CB771F}.Debug|Any CPU.ActiveCfg = Debug|Any CPU
		{6924B964-6827-4E8B-BECB-D87DA0CB771F}.Debug|Any CPU.Build.0 = Debug|Any CPU
		{6924B964-6827-4E8B-BECB-D87DA0CB771F}.Release|Any CPU.ActiveCfg = Release|Any CPU
		{6924B964-6827-4E8B-BECB-D87DA0CB771F}.Release|Any CPU.Build.0 = Release|Any CPU
		{295F1060-6C96-44BD-91F3-C0167EE9CEC0}.Debug|Any CPU.ActiveCfg = Debug|Any CPU
		{295F1060-6C96-44BD-91F3-C0167EE9CEC0}.Debug|Any CPU.Build.0 = Debug|Any CPU
		{295F1060-6C96-44BD-91F3-C0167EE9CEC0}.Release|Any CPU.ActiveCfg = Release|Any CPU
		{295F1060-6C96-44BD-91F3-C0167EE9CEC0}.Release|Any CPU.Build.0 = Release|Any CPU
		{DC4A93BE-1F79-4EA6-847C-104CC1FACAFE}.Debug|Any CPU.ActiveCfg = Debug|Any CPU
		{DC4A93BE-1F79-4EA6-847C-104CC1FACAFE}.Debug|Any CPU.Build.0 = Debug|Any CPU
		{DC4A93BE-1F79-4EA6-847C-104CC1FACAFE}.Release|Any CPU.ActiveCfg = Release|Any CPU
		{DC4A93BE-1F79-4EA6-847C-104CC1FACAFE}.Release|Any CPU.Build.0 = Release|Any CPU
		{22BD01D4-2960-4800-8FAB-BE94E51C9FF1}.Debug|Any CPU.ActiveCfg = Debug|Any CPU
		{22BD01D4-2960-4800-8FAB-BE94E51C9FF1}.Debug|Any CPU.Build.0 = Debug|Any CPU
		{22BD01D4-2960-4800-8FAB-BE94E51C9FF1}.Release|Any CPU.ActiveCfg = Release|Any CPU
		{22BD01D4-2960-4800-8FAB-BE94E51C9FF1}.Release|Any CPU.Build.0 = Release|Any CPU
		{DDCE7AC3-C178-471A-A8C3-FE8A5D3BE4A2}.Debug|Any CPU.ActiveCfg = Debug|Any CPU
		{DDCE7AC3-C178-471A-A8C3-FE8A5D3BE4A2}.Debug|Any CPU.Build.0 = Debug|Any CPU
		{DDCE7AC3-C178-471A-A8C3-FE8A5D3BE4A2}.Release|Any CPU.ActiveCfg = Release|Any CPU
		{DDCE7AC3-C178-471A-A8C3-FE8A5D3BE4A2}.Release|Any CPU.Build.0 = Release|Any CPU
	EndGlobalSection
	GlobalSection(SolutionProperties) = preSolution
		HideSolutionNode = FALSE
	EndGlobalSection
	GlobalSection(NestedProjects) = preSolution
		{F39EE58F-A9EC-4E88-B577-28EAAD155713} = {E2710CB0-D036-4D98-9AA4-D960F8AA7CDC}
		{29315E8F-F64E-4A3F-91BE-5FAFE1512A95} = {E2710CB0-D036-4D98-9AA4-D960F8AA7CDC}
		{6924B964-6827-4E8B-BECB-D87DA0CB771F} = {65C5C18E-2D98-4118-BFC2-67289129521D}
		{65C5C18E-2D98-4118-BFC2-67289129521D} = {115AF679-34A6-44E1-B676-9649323FC158}
		{295F1060-6C96-44BD-91F3-C0167EE9CEC0} = {E2710CB0-D036-4D98-9AA4-D960F8AA7CDC}
		{DC4A93BE-1F79-4EA6-847C-104CC1FACAFE} = {8E241F0C-6C03-4818-836D-10A4486E0406}
		{22BD01D4-2960-4800-8FAB-BE94E51C9FF1} = {65C5C18E-2D98-4118-BFC2-67289129521D}
		{DDCE7AC3-C178-471A-A8C3-FE8A5D3BE4A2} = {E2710CB0-D036-4D98-9AA4-D960F8AA7CDC}
	EndGlobalSection
EndGlobal
